
Microsoft Visual Studio Solution File, Format Version 12.00
# Visual Studio 15
VisualStudioVersion = 15.0.28010.2003
MinimumVisualStudioVersion = 10.0.40219.1
Project("{FAE04EC0-301F-11D3-BF4B-00C04F79EFBC}") = "InCollegeWeb", "InCollegeWeb\InCollegeWeb.csproj", "{A9C0A722-09F4-4D50-9436-26174134840B}"
EndProject
Global
	GlobalSection(SolutionConfigurationPlatforms) = preSolution
		Debug|Any CPU = Debug|Any CPU
		Release|Any CPU = Release|Any CPU
	EndGlobalSection
	GlobalSection(ProjectConfigurationPlatforms) = postSolution
		{A9C0A722-09F4-4D50-9436-26174134840B}.Debug|Any CPU.ActiveCfg = Debug|Any CPU
		{A9C0A722-09F4-4D50-9436-26174134840B}.Debug|Any CPU.Build.0 = Debug|Any CPU
		{A9C0A722-09F4-4D50-9436-26174134840B}.Release|Any CPU.ActiveCfg = Release|Any CPU
		{A9C0A722-09F4-4D50-9436-26174134840B}.Release|Any CPU.Build.0 = Release|Any CPU
	EndGlobalSection
	GlobalSection(SolutionProperties) = preSolution
		HideSolutionNode = FALSE
	EndGlobalSection
	GlobalSection(ExtensibilityGlobals) = postSolution
		SolutionGuid = {C1D80113-09E1-4752-9E52-D0759C2B5225}
	EndGlobalSection
EndGlobal
